
Microsoft Visual Studio Solution File, Format Version 12.00
# Visual Studio 2017
Project("{FAE04EC0-301F-11D3-BF4B-00C04F79EFBC}") = "Gravity test", "Gravity test.csproj", "{5144284E-70AC-FD81-B730-B06C59FC26D8}"
EndProject
Global
	GlobalSection(SolutionConfigurationPlatforms) = preSolution
		Debug|Any CPU = Debug|Any CPU
		Release|Any CPU = Release|Any CPU
	EndGlobalSection
	GlobalSection(ProjectConfigurationPlatforms) = postSolution
		{5144284E-70AC-FD81-B730-B06C59FC26D8}.Debug|Any CPU.ActiveCfg = Debug|Any CPU
		{5144284E-70AC-FD81-B730-B06C59FC26D8}.Debug|Any CPU.Build.0 = Debug|Any CPU
		{5144284E-70AC-FD81-B730-B06C59FC26D8}.Release|Any CPU.ActiveCfg = Release|Any CPU
		{5144284E-70AC-FD81-B730-B06C59FC26D8}.Release|Any CPU.Build.0 = Release|Any CPU
	EndGlobalSection
	GlobalSection(SolutionProperties) = preSolution
		HideSolutionNode = FALSE
	EndGlobalSection
EndGlobal
